
Microsoft Visual Studio Solution File, Format Version 12.00
# Visual Studio 15
VisualStudioVersion = 15.0.26730.16
MinimumVisualStudioVersion = 10.0.40219.1
Project("{FAE04EC0-301F-11D3-BF4B-00C04F79EFBC}") = "WpfApp", "WpfApp.csproj", "{547422FB-B6C3-4943-9EA8-671E6550820F}"
EndProject
Global
	GlobalSection(SolutionConfigurationPlatforms) = preSolution
		Debug|Any CPU = Debug|Any CPU
		Release|Any CPU = Release|Any CPU
	EndGlobalSection
	GlobalSection(ProjectConfigurationPlatforms) = postSolution
		{547422FB-B6C3-4943-9EA8-671E6550820F}.Debug|Any CPU.ActiveCfg = Debug|Any CPU
		{547422FB-B6C3-4943-9EA8-671E6550820F}.Debug|Any CPU.Build.0 = Debug|Any CPU
		{547422FB-B6C3-4943-9EA8-671E6550820F}.Release|Any CPU.ActiveCfg = Release|Any CPU
		{547422FB-B6C3-4943-9EA8-671E6550820F}.Release|Any CPU.Build.0 = Release|Any CPU
	EndGlobalSection
	GlobalSection(SolutionProperties) = preSolution
		HideSolutionNode = FALSE
	EndGlobalSection
	GlobalSection(ExtensibilityGlobals) = postSolution
		SolutionGuid = {A35874E9-170F-4C03-AABB-0D3BD0DA7023}
	EndGlobalSection
EndGlobal
